
Microsoft Visual Studio Solution File, Format Version 12.00
# Visual Studio Version 17
VisualStudioVersion = 17.8.34525.116
MinimumVisualStudioVersion = 10.0.40219.1
Project("{FAE04EC0-301F-11D3-BF4B-00C04F79EFBC}") = "Ceasar encryption", "Ceasar encryption\Ceasar encryption.csproj", "{4A319DBB-ED9F-40CC-A4F6-6AD06E1E214D}"
EndProject
Global
	GlobalSection(SolutionConfigurationPlatforms) = preSolution
		Debug|Any CPU = Debug|Any CPU
		Release|Any CPU = Release|Any CPU
	EndGlobalSection
	GlobalSection(ProjectConfigurationPlatforms) = postSolution
		{4A319DBB-ED9F-40CC-A4F6-6AD06E1E214D}.Debug|Any CPU.ActiveCfg = Debug|Any CPU
		{4A319DBB-ED9F-40CC-A4F6-6AD06E1E214D}.Debug|Any CPU.Build.0 = Debug|Any CPU
		{4A319DBB-ED9F-40CC-A4F6-6AD06E1E214D}.Release|Any CPU.ActiveCfg = Release|Any CPU
		{4A319DBB-ED9F-40CC-A4F6-6AD06E1E214D}.Release|Any CPU.Build.0 = Release|Any CPU
	EndGlobalSection
	GlobalSection(SolutionProperties) = preSolution
		HideSolutionNode = FALSE
	EndGlobalSection
	GlobalSection(ExtensibilityGlobals) = postSolution
		SolutionGuid = {ABAE12A2-6ED3-435B-9332-066116D11C9E}
	EndGlobalSection
EndGlobal
